
Microsoft Visual Studio Solution File, Format Version 12.00
# Visual Studio Version 16
VisualStudioVersion = 16.0.28714.193
MinimumVisualStudioVersion = 10.0.40219.1
Project("{FAE04EC0-301F-11D3-BF4B-00C04F79EFBC}") = "vSharpStudio", "vSharpStudio\vSharpStudio.csproj", "{D591315D-E1AF-417C-A224-CBAA5238A862}"
EndProject
Project("{FAE04EC0-301F-11D3-BF4B-00C04F79EFBC}") = "VSharpStudio.vsix", "VSharpStudio.vsix\VSharpStudio.vsix.csproj", "{830286B6-A7F7-431B-869B-5D397229F7D3}"
EndProject
Project("{9A19103F-16F7-4668-BE54-9A1E7A4F7556}") = "vSharpStudio.xUnit", "vSharpStudio.xUnit\vSharpStudio.xUnit.csproj", "{4691301C-7E12-4D46-A549-5667A189AF1D}"
EndProject
Project("{2150E333-8FDC-42A3-9474-1A3956D46DE8}") = "proto", "proto", "{373A132D-A5B7-4D32-988D-DC59E038958F}"
	ProjectSection(SolutionItems) = preProject
		proto\attr.proto = proto\attr.proto
		proto\proto_doc.proto = proto\proto_doc.proto
		proto\vsharpstudio.proto = proto\vsharpstudio.proto
	EndProjectSection
EndProject
Project("{2150E333-8FDC-42A3-9474-1A3956D46DE8}") = "generators", "generators", "{09D88CCF-0FE8-4B1D-AA9A-AD9350F1B707}"
EndProject
Project("{9A19103F-16F7-4668-BE54-9A1E7A4F7556}") = "vSharpStudio.proto", "vSharpStudio.proto\vSharpStudio.proto.csproj", "{EC5B8D66-BBC5-4183-8381-1D6B6181734E}"
EndProject
Project("{2150E333-8FDC-42A3-9474-1A3956D46DE8}") = "docs", "docs", "{C0E0B3FB-AC8D-4459-A712-23C2F7CF5441}"
	ProjectSection(SolutionItems) = preProject
		workflow.md = workflow.md
	EndProjectSection
EndProject
Project("{FAE04EC0-301F-11D3-BF4B-00C04F79EFBC}") = "GenFromProto", "generators\GenFromProto\GenFromProto.csproj", "{EEAF63A0-C59F-468B-AA1B-58865E84E44E}"
EndProject
Project("{2150E333-8FDC-42A3-9474-1A3956D46DE8}") = "submodules", "submodules", "{25EA00D1-C466-4C20-8B49-9B82606CFD3E}"
EndProject
Project("{2150E333-8FDC-42A3-9474-1A3956D46DE8}") = "Solution Items", "Solution Items", "{1B382564-AEBD-480B-BD14-771F3669E1B3}"
EndProject
Project("{2150E333-8FDC-42A3-9474-1A3956D46DE8}") = "DbModels", "DbModels", "{C1E6982B-3545-4FAD-8DA0-47D43686A67A}"
EndProject
Project("{2150E333-8FDC-42A3-9474-1A3956D46DE8}") = "common", "common", "{8AF928D9-39F9-4787-8806-A24BE9DA252F}"
EndProject
Project("{9A19103F-16F7-4668-BE54-9A1E7A4F7556}") = "DbModel.MsSql", "dbmodels\DbModel.MsSql\DbModel.MsSql.csproj", "{D4B30117-ADAE-4D8E-A37C-931846998EC0}"
EndProject
Project("{2150E333-8FDC-42A3-9474-1A3956D46DE8}") = "wpf", "wpf", "{E0EBA1FB-4B08-4546-BDD5-093C533713FE}"
EndProject
Project("{FAE04EC0-301F-11D3-BF4B-00C04F79EFBC}") = "vSharpStudio.wpf", "common\wpf\vSharpStudio.wpf\vSharpStudio.wpf.csproj", "{871161A9-567D-476E-9D3E-AA44400FB63A}"
EndProject
Project("{9A19103F-16F7-4668-BE54-9A1E7A4F7556}") = "vSharpStudio.std", "common\wpf\vSharpStudio.std\vSharpStudio.std.csproj", "{A02BB4D5-5EA9-4A90-8D0A-C1AF3D919C30}"
EndProject
Project("{FAE04EC0-301F-11D3-BF4B-00C04F79EFBC}") = "GetLatestAttr", "generators\GetLatestAttr\GetLatestAttr.csproj", "{3D0D1F12-4300-4870-B588-504A792085C2}"
EndProject
Project("{FAE04EC0-301F-11D3-BF4B-00C04F79EFBC}") = "Xceed.Wpf.Toolkit", "submodules\wpftoolkit\ExtendedWPFToolkitSolution\Src\Xceed.Wpf.Toolkit\Xceed.Wpf.Toolkit.csproj", "{72E591D6-8F83-4D8C-8F67-9C325E623234}"
EndProject
Project("{FAE04EC0-301F-11D3-BF4B-00C04F79EFBC}") = "vSharpStudio.vm", "vSharpStudio.vm\vSharpStudio.vm.csproj", "{5AA0481E-9ED7-43CF-AF56-BF294FE7C13F}"
EndProject
Project("{FAE04EC0-301F-11D3-BF4B-00C04F79EFBC}") = "vSharpStudio.Unit", "vSharpStudio.Unit\vSharpStudio.Unit.csproj", "{93615E76-0E83-4FCE-A6E0-554F4BB108D3}"
EndProject
Global
	GlobalSection(SolutionConfigurationPlatforms) = preSolution
		Debug|Any CPU = Debug|Any CPU
		DebugTest|Any CPU = DebugTest|Any CPU
		Release|Any CPU = Release|Any CPU
	EndGlobalSection
	GlobalSection(ProjectConfigurationPlatforms) = postSolution
		{D591315D-E1AF-417C-A224-CBAA5238A862}.Debug|Any CPU.ActiveCfg = Debug|Any CPU
		{D591315D-E1AF-417C-A224-CBAA5238A862}.Debug|Any CPU.Build.0 = Debug|Any CPU
		{D591315D-E1AF-417C-A224-CBAA5238A862}.DebugTest|Any CPU.ActiveCfg = Debug|Any CPU
		{D591315D-E1AF-417C-A224-CBAA5238A862}.DebugTest|Any CPU.Build.0 = Debug|Any CPU
		{D591315D-E1AF-417C-A224-CBAA5238A862}.Release|Any CPU.ActiveCfg = Release|Any CPU
		{D591315D-E1AF-417C-A224-CBAA5238A862}.Release|Any CPU.Build.0 = Release|Any CPU
		{830286B6-A7F7-431B-869B-5D397229F7D3}.Debug|Any CPU.ActiveCfg = Debug|Any CPU
		{830286B6-A7F7-431B-869B-5D397229F7D3}.Debug|Any CPU.Build.0 = Debug|Any CPU
		{830286B6-A7F7-431B-869B-5D397229F7D3}.DebugTest|Any CPU.ActiveCfg = Debug|Any CPU
		{830286B6-A7F7-431B-869B-5D397229F7D3}.DebugTest|Any CPU.Build.0 = Debug|Any CPU
		{830286B6-A7F7-431B-869B-5D397229F7D3}.Release|Any CPU.ActiveCfg = Release|Any CPU
		{830286B6-A7F7-431B-869B-5D397229F7D3}.Release|Any CPU.Build.0 = Release|Any CPU
		{4691301C-7E12-4D46-A549-5667A189AF1D}.Debug|Any CPU.ActiveCfg = Debug|Any CPU
		{4691301C-7E12-4D46-A549-5667A189AF1D}.Debug|Any CPU.Build.0 = Debug|Any CPU
		{4691301C-7E12-4D46-A549-5667A189AF1D}.DebugTest|Any CPU.ActiveCfg = Debug|Any CPU
		{4691301C-7E12-4D46-A549-5667A189AF1D}.DebugTest|Any CPU.Build.0 = Debug|Any CPU
		{4691301C-7E12-4D46-A549-5667A189AF1D}.Release|Any CPU.ActiveCfg = Release|Any CPU
		{4691301C-7E12-4D46-A549-5667A189AF1D}.Release|Any CPU.Build.0 = Release|Any CPU
		{EC5B8D66-BBC5-4183-8381-1D6B6181734E}.Debug|Any CPU.ActiveCfg = Debug|Any CPU
		{EC5B8D66-BBC5-4183-8381-1D6B6181734E}.Debug|Any CPU.Build.0 = Debug|Any CPU
		{EC5B8D66-BBC5-4183-8381-1D6B6181734E}.DebugTest|Any CPU.ActiveCfg = Debug|Any CPU
		{EC5B8D66-BBC5-4183-8381-1D6B6181734E}.DebugTest|Any CPU.Build.0 = Debug|Any CPU
		{EC5B8D66-BBC5-4183-8381-1D6B6181734E}.Release|Any CPU.ActiveCfg = Release|Any CPU
		{EC5B8D66-BBC5-4183-8381-1D6B6181734E}.Release|Any CPU.Build.0 = Release|Any CPU
		{EEAF63A0-C59F-468B-AA1B-58865E84E44E}.Debug|Any CPU.ActiveCfg = Debug|Any CPU
		{EEAF63A0-C59F-468B-AA1B-58865E84E44E}.Debug|Any CPU.Build.0 = Debug|Any CPU
		{EEAF63A0-C59F-468B-AA1B-58865E84E44E}.DebugTest|Any CPU.ActiveCfg = Debug|Any CPU
		{EEAF63A0-C59F-468B-AA1B-58865E84E44E}.DebugTest|Any CPU.Build.0 = Debug|Any CPU
		{EEAF63A0-C59F-468B-AA1B-58865E84E44E}.Release|Any CPU.ActiveCfg = Release|Any CPU
		{EEAF63A0-C59F-468B-AA1B-58865E84E44E}.Release|Any CPU.Build.0 = Release|Any CPU
		{D4B30117-ADAE-4D8E-A37C-931846998EC0}.Debug|Any CPU.ActiveCfg = Debug|Any CPU
		{D4B30117-ADAE-4D8E-A37C-931846998EC0}.Debug|Any CPU.Build.0 = Debug|Any CPU
		{D4B30117-ADAE-4D8E-A37C-931846998EC0}.DebugTest|Any CPU.ActiveCfg = Debug|Any CPU
		{D4B30117-ADAE-4D8E-A37C-931846998EC0}.DebugTest|Any CPU.Build.0 = Debug|Any CPU
		{D4B30117-ADAE-4D8E-A37C-931846998EC0}.Release|Any CPU.ActiveCfg = Release|Any CPU
		{D4B30117-ADAE-4D8E-A37C-931846998EC0}.Release|Any CPU.Build.0 = Release|Any CPU
		{871161A9-567D-476E-9D3E-AA44400FB63A}.Debug|Any CPU.ActiveCfg = Debug|Any CPU
		{871161A9-567D-476E-9D3E-AA44400FB63A}.Debug|Any CPU.Build.0 = Debug|Any CPU
		{871161A9-567D-476E-9D3E-AA44400FB63A}.DebugTest|Any CPU.ActiveCfg = Debug|Any CPU
		{871161A9-567D-476E-9D3E-AA44400FB63A}.DebugTest|Any CPU.Build.0 = Debug|Any CPU
		{871161A9-567D-476E-9D3E-AA44400FB63A}.Release|Any CPU.ActiveCfg = Release|Any CPU
		{871161A9-567D-476E-9D3E-AA44400FB63A}.Release|Any CPU.Build.0 = Release|Any CPU
		{A02BB4D5-5EA9-4A90-8D0A-C1AF3D919C30}.Debug|Any CPU.ActiveCfg = Debug|Any CPU
		{A02BB4D5-5EA9-4A90-8D0A-C1AF3D919C30}.Debug|Any CPU.Build.0 = Debug|Any CPU
		{A02BB4D5-5EA9-4A90-8D0A-C1AF3D919C30}.DebugTest|Any CPU.ActiveCfg = Debug|Any CPU
		{A02BB4D5-5EA9-4A90-8D0A-C1AF3D919C30}.DebugTest|Any CPU.Build.0 = Debug|Any CPU
		{A02BB4D5-5EA9-4A90-8D0A-C1AF3D919C30}.Release|Any CPU.ActiveCfg = Release|Any CPU
		{A02BB4D5-5EA9-4A90-8D0A-C1AF3D919C30}.Release|Any CPU.Build.0 = Release|Any CPU
		{3D0D1F12-4300-4870-B588-504A792085C2}.Debug|Any CPU.ActiveCfg = Debug|Any CPU
		{3D0D1F12-4300-4870-B588-504A792085C2}.Debug|Any CPU.Build.0 = Debug|Any CPU
		{3D0D1F12-4300-4870-B588-504A792085C2}.DebugTest|Any CPU.ActiveCfg = Debug|Any CPU
		{3D0D1F12-4300-4870-B588-504A792085C2}.DebugTest|Any CPU.Build.0 = Debug|Any CPU
		{3D0D1F12-4300-4870-B588-504A792085C2}.Release|Any CPU.ActiveCfg = Release|Any CPU
		{3D0D1F12-4300-4870-B588-504A792085C2}.Release|Any CPU.Build.0 = Release|Any CPU
		{72E591D6-8F83-4D8C-8F67-9C325E623234}.Debug|Any CPU.ActiveCfg = Debug|Any CPU
		{72E591D6-8F83-4D8C-8F67-9C325E623234}.Debug|Any CPU.Build.0 = Debug|Any CPU
		{72E591D6-8F83-4D8C-8F67-9C325E623234}.DebugTest|Any CPU.ActiveCfg = Debug|Any CPU
		{72E591D6-8F83-4D8C-8F67-9C325E623234}.DebugTest|Any CPU.Build.0 = Debug|Any CPU
		{72E591D6-8F83-4D8C-8F67-9C325E623234}.Release|Any CPU.ActiveCfg = Release|Any CPU
		{72E591D6-8F83-4D8C-8F67-9C325E623234}.Release|Any CPU.Build.0 = Release|Any CPU
		{5AA0481E-9ED7-43CF-AF56-BF294FE7C13F}.Debug|Any CPU.ActiveCfg = Debug|Any CPU
		{5AA0481E-9ED7-43CF-AF56-BF294FE7C13F}.Debug|Any CPU.Build.0 = Debug|Any CPU
		{5AA0481E-9ED7-43CF-AF56-BF294FE7C13F}.DebugTest|Any CPU.ActiveCfg = Debug|Any CPU
		{5AA0481E-9ED7-43CF-AF56-BF294FE7C13F}.DebugTest|Any CPU.Build.0 = Debug|Any CPU
		{5AA0481E-9ED7-43CF-AF56-BF294FE7C13F}.Release|Any CPU.ActiveCfg = Release|Any CPU
		{5AA0481E-9ED7-43CF-AF56-BF294FE7C13F}.Release|Any CPU.Build.0 = Release|Any CPU
		{93615E76-0E83-4FCE-A6E0-554F4BB108D3}.Debug|Any CPU.ActiveCfg = Debug|Any CPU
		{93615E76-0E83-4FCE-A6E0-554F4BB108D3}.Debug|Any CPU.Build.0 = Debug|Any CPU
		{93615E76-0E83-4FCE-A6E0-554F4BB108D3}.DebugTest|Any CPU.ActiveCfg = Debug|Any CPU
		{93615E76-0E83-4FCE-A6E0-554F4BB108D3}.DebugTest|Any CPU.Build.0 = Debug|Any CPU
		{93615E76-0E83-4FCE-A6E0-554F4BB108D3}.Release|Any CPU.ActiveCfg = Release|Any CPU
		{93615E76-0E83-4FCE-A6E0-554F4BB108D3}.Release|Any CPU.Build.0 = Release|Any CPU
	EndGlobalSection
	GlobalSection(SolutionProperties) = preSolution
		HideSolutionNode = FALSE
	EndGlobalSection
	GlobalSection(NestedProjects) = preSolution
		{EEAF63A0-C59F-468B-AA1B-58865E84E44E} = {09D88CCF-0FE8-4B1D-AA9A-AD9350F1B707}
		{D4B30117-ADAE-4D8E-A37C-931846998EC0} = {C1E6982B-3545-4FAD-8DA0-47D43686A67A}
		{E0EBA1FB-4B08-4546-BDD5-093C533713FE} = {8AF928D9-39F9-4787-8806-A24BE9DA252F}
		{871161A9-567D-476E-9D3E-AA44400FB63A} = {E0EBA1FB-4B08-4546-BDD5-093C533713FE}
		{A02BB4D5-5EA9-4A90-8D0A-C1AF3D919C30} = {E0EBA1FB-4B08-4546-BDD5-093C533713FE}
		{3D0D1F12-4300-4870-B588-504A792085C2} = {09D88CCF-0FE8-4B1D-AA9A-AD9350F1B707}
		{72E591D6-8F83-4D8C-8F67-9C325E623234} = {E0EBA1FB-4B08-4546-BDD5-093C533713FE}
	EndGlobalSection
	GlobalSection(ExtensibilityGlobals) = postSolution
		SolutionGuid = {A7BE2D74-A2C5-46DF-B175-814908FA7DAD}
	EndGlobalSection
EndGlobal
