
Microsoft Visual Studio Solution File, Format Version 12.00
# Visual Studio Version 17
VisualStudioVersion = 17.0.31825.309
MinimumVisualStudioVersion = 10.0.40219.1
Project("{9A19103F-16F7-4668-BE54-9A1E7A4F7556}") = "vSharpStudio", "vSharpStudio\vSharpStudio.csproj", "{D591315D-E1AF-417C-A224-CBAA5238A862}"
EndProject
Project("{2150E333-8FDC-42A3-9474-1A3956D46DE8}") = "proto", "proto", "{373A132D-A5B7-4D32-988D-DC59E038958F}"
	ProjectSection(SolutionItems) = preProject
		proto\nullable.proto = proto\nullable.proto
		proto\plugin_sample.proto = proto\plugin_sample.proto
		proto\plugin_sample2.proto = proto\plugin_sample2.proto
		proto\proto_doc.proto = proto\proto_doc.proto
		proto\vsharpstudio.proto = proto\vsharpstudio.proto
		proto\vsharpstudioshared.proto = proto\vsharpstudioshared.proto
	EndProjectSection
EndProject
Project("{2150E333-8FDC-42A3-9474-1A3956D46DE8}") = "generators", "generators", "{09D88CCF-0FE8-4B1D-AA9A-AD9350F1B707}"
EndProject
Project("{2150E333-8FDC-42A3-9474-1A3956D46DE8}") = "docs", "docs", "{C0E0B3FB-AC8D-4459-A712-23C2F7CF5441}"
	ProjectSection(SolutionItems) = preProject
		workflow.md = workflow.md
	EndProjectSection
EndProject
Project("{2150E333-8FDC-42A3-9474-1A3956D46DE8}") = "Solution Items", "Solution Items", "{1B382564-AEBD-480B-BD14-771F3669E1B3}"
	ProjectSection(SolutionItems) = preProject
		README.md = README.md
		README2.md = README2.md
	EndProjectSection
EndProject
Project("{2150E333-8FDC-42A3-9474-1A3956D46DE8}") = "common", "common", "{8AF928D9-39F9-4787-8806-A24BE9DA252F}"
EndProject
Project("{2150E333-8FDC-42A3-9474-1A3956D46DE8}") = "wpf", "wpf", "{E0EBA1FB-4B08-4546-BDD5-093C533713FE}"
EndProject
Project("{9A19103F-16F7-4668-BE54-9A1E7A4F7556}") = "vSharpStudio.wpf", "common\wpf\vSharpStudio.wpf\vSharpStudio.wpf.csproj", "{871161A9-567D-476E-9D3E-AA44400FB63A}"
EndProject
Project("{9A19103F-16F7-4668-BE54-9A1E7A4F7556}") = "vSharpStudio.std", "common\wpf\vSharpStudio.std\vSharpStudio.std.csproj", "{A02BB4D5-5EA9-4A90-8D0A-C1AF3D919C30}"
EndProject
Project("{9A19103F-16F7-4668-BE54-9A1E7A4F7556}") = "vSharpStudio.vm", "vSharpStudio.vm\vSharpStudio.vm.csproj", "{5AA0481E-9ED7-43CF-AF56-BF294FE7C13F}"
	ProjectSection(ProjectDependencies) = postProject
		{EEAF63A0-C59F-468B-AA1B-58865E84E44E} = {EEAF63A0-C59F-468B-AA1B-58865E84E44E}
	EndProjectSection
EndProject
Project("{9A19103F-16F7-4668-BE54-9A1E7A4F7556}") = "vSharpStudio.Unit", "vSharpStudio.Unit\vSharpStudio.Unit.csproj", "{93615E76-0E83-4FCE-A6E0-554F4BB108D3}"
EndProject
Project("{9A19103F-16F7-4668-BE54-9A1E7A4F7556}") = "ApplicationLogging", "common\ApplicationLogging\ApplicationLogging.csproj", "{A70A13EF-958C-4078-BA5A-A208D90743A4}"
EndProject
Project("{9A19103F-16F7-4668-BE54-9A1E7A4F7556}") = "vSharpStudio.core", "common\vSharpStudio.core\vSharpStudio.core.csproj", "{7A0BD212-E3D4-4419-B947-82B78E07ADAC}"
EndProject
Project("{9A19103F-16F7-4668-BE54-9A1E7A4F7556}") = "vPlugin.Sample", "vPlugin.Sample\vPlugin.Sample.csproj", "{002F7BAC-8937-409C-BED2-6A41D6D392FC}"
	ProjectSection(ProjectDependencies) = postProject
		{EEAF63A0-C59F-468B-AA1B-58865E84E44E} = {EEAF63A0-C59F-468B-AA1B-58865E84E44E}
	EndProjectSection
EndProject
Project("{2150E333-8FDC-42A3-9474-1A3956D46DE8}") = "ext", "ext", "{2308E25C-68C9-4F24-A3BC-3678253E77A0}"
EndProject
Project("{9A19103F-16F7-4668-BE54-9A1E7A4F7556}") = "UndoFramework", "ext\UndoFramework\UndoFramework.csproj", "{211753FC-8C4D-4F05-AB4B-130FABECF30E}"
EndProject
Project("{9A19103F-16F7-4668-BE54-9A1E7A4F7556}") = "vSharpStudio.common", "vSharpStudio.common\vSharpStudio.common.csproj", "{788D7499-BC1E-40F7-9FAA-E05ACC86E227}"
EndProject
Project("{9A19103F-16F7-4668-BE54-9A1E7A4F7556}") = "Xceed.Wpf.Toolkit", "submodules\wpftoolkit\ExtendedWPFToolkitSolution\Src\Xceed.Wpf.Toolkit\Xceed.Wpf.Toolkit.csproj", "{83B37A5C-2FEC-4488-AC57-0CDCE58DB9DF}"
EndProject
Project("{9A19103F-16F7-4668-BE54-9A1E7A4F7556}") = "vPlugin.Sample2", "vPlugin.Sample2\vPlugin.Sample2.csproj", "{E9C45505-E874-45A0-A3D3-A7693423BED4}"
	ProjectSection(ProjectDependencies) = postProject
		{EEAF63A0-C59F-468B-AA1B-58865E84E44E} = {EEAF63A0-C59F-468B-AA1B-58865E84E44E}
	EndProjectSection
EndProject
Project("{2150E333-8FDC-42A3-9474-1A3956D46DE8}") = "samples", "samples", "{EFD4B2B2-67A3-4230-A967-C49A6695ACB1}"
EndProject
Project("{9A19103F-16F7-4668-BE54-9A1E7A4F7556}") = "GenVmFromProto", "generators\GenVmFromProto\GenVmFromProto.csproj", "{EEAF63A0-C59F-468B-AA1B-58865E84E44E}"
EndProject
Global
	GlobalSection(SolutionConfigurationPlatforms) = preSolution
		Debug|Any CPU = Debug|Any CPU
		DebugTest|Any CPU = DebugTest|Any CPU
		Release|Any CPU = Release|Any CPU
	EndGlobalSection
	GlobalSection(ProjectConfigurationPlatforms) = postSolution
		{D591315D-E1AF-417C-A224-CBAA5238A862}.Debug|Any CPU.ActiveCfg = Debug|Any CPU
		{D591315D-E1AF-417C-A224-CBAA5238A862}.Debug|Any CPU.Build.0 = Debug|Any CPU
		{D591315D-E1AF-417C-A224-CBAA5238A862}.DebugTest|Any CPU.ActiveCfg = Debug|Any CPU
		{D591315D-E1AF-417C-A224-CBAA5238A862}.DebugTest|Any CPU.Build.0 = Debug|Any CPU
		{D591315D-E1AF-417C-A224-CBAA5238A862}.Release|Any CPU.ActiveCfg = Release|Any CPU
		{D591315D-E1AF-417C-A224-CBAA5238A862}.Release|Any CPU.Build.0 = Release|Any CPU
		{871161A9-567D-476E-9D3E-AA44400FB63A}.Debug|Any CPU.ActiveCfg = Debug|Any CPU
		{871161A9-567D-476E-9D3E-AA44400FB63A}.Debug|Any CPU.Build.0 = Debug|Any CPU
		{871161A9-567D-476E-9D3E-AA44400FB63A}.DebugTest|Any CPU.ActiveCfg = Debug|Any CPU
		{871161A9-567D-476E-9D3E-AA44400FB63A}.DebugTest|Any CPU.Build.0 = Debug|Any CPU
		{871161A9-567D-476E-9D3E-AA44400FB63A}.Release|Any CPU.ActiveCfg = Release|Any CPU
		{871161A9-567D-476E-9D3E-AA44400FB63A}.Release|Any CPU.Build.0 = Release|Any CPU
		{A02BB4D5-5EA9-4A90-8D0A-C1AF3D919C30}.Debug|Any CPU.ActiveCfg = Debug|Any CPU
		{A02BB4D5-5EA9-4A90-8D0A-C1AF3D919C30}.Debug|Any CPU.Build.0 = Debug|Any CPU
		{A02BB4D5-5EA9-4A90-8D0A-C1AF3D919C30}.DebugTest|Any CPU.ActiveCfg = Debug|Any CPU
		{A02BB4D5-5EA9-4A90-8D0A-C1AF3D919C30}.DebugTest|Any CPU.Build.0 = Debug|Any CPU
		{A02BB4D5-5EA9-4A90-8D0A-C1AF3D919C30}.Release|Any CPU.ActiveCfg = Release|Any CPU
		{A02BB4D5-5EA9-4A90-8D0A-C1AF3D919C30}.Release|Any CPU.Build.0 = Release|Any CPU
		{5AA0481E-9ED7-43CF-AF56-BF294FE7C13F}.Debug|Any CPU.ActiveCfg = Debug|Any CPU
		{5AA0481E-9ED7-43CF-AF56-BF294FE7C13F}.Debug|Any CPU.Build.0 = Debug|Any CPU
		{5AA0481E-9ED7-43CF-AF56-BF294FE7C13F}.DebugTest|Any CPU.ActiveCfg = Debug|Any CPU
		{5AA0481E-9ED7-43CF-AF56-BF294FE7C13F}.DebugTest|Any CPU.Build.0 = Debug|Any CPU
		{5AA0481E-9ED7-43CF-AF56-BF294FE7C13F}.Release|Any CPU.ActiveCfg = Release|Any CPU
		{5AA0481E-9ED7-43CF-AF56-BF294FE7C13F}.Release|Any CPU.Build.0 = Release|Any CPU
		{93615E76-0E83-4FCE-A6E0-554F4BB108D3}.Debug|Any CPU.ActiveCfg = Debug|Any CPU
		{93615E76-0E83-4FCE-A6E0-554F4BB108D3}.Debug|Any CPU.Build.0 = Debug|Any CPU
		{93615E76-0E83-4FCE-A6E0-554F4BB108D3}.DebugTest|Any CPU.ActiveCfg = Debug|Any CPU
		{93615E76-0E83-4FCE-A6E0-554F4BB108D3}.DebugTest|Any CPU.Build.0 = Debug|Any CPU
		{93615E76-0E83-4FCE-A6E0-554F4BB108D3}.Release|Any CPU.ActiveCfg = Release|Any CPU
		{93615E76-0E83-4FCE-A6E0-554F4BB108D3}.Release|Any CPU.Build.0 = Release|Any CPU
		{A70A13EF-958C-4078-BA5A-A208D90743A4}.Debug|Any CPU.ActiveCfg = Debug|Any CPU
		{A70A13EF-958C-4078-BA5A-A208D90743A4}.Debug|Any CPU.Build.0 = Debug|Any CPU
		{A70A13EF-958C-4078-BA5A-A208D90743A4}.DebugTest|Any CPU.ActiveCfg = Debug|Any CPU
		{A70A13EF-958C-4078-BA5A-A208D90743A4}.DebugTest|Any CPU.Build.0 = Debug|Any CPU
		{A70A13EF-958C-4078-BA5A-A208D90743A4}.Release|Any CPU.ActiveCfg = Release|Any CPU
		{A70A13EF-958C-4078-BA5A-A208D90743A4}.Release|Any CPU.Build.0 = Release|Any CPU
		{7A0BD212-E3D4-4419-B947-82B78E07ADAC}.Debug|Any CPU.ActiveCfg = Debug|Any CPU
		{7A0BD212-E3D4-4419-B947-82B78E07ADAC}.Debug|Any CPU.Build.0 = Debug|Any CPU
		{7A0BD212-E3D4-4419-B947-82B78E07ADAC}.DebugTest|Any CPU.ActiveCfg = Debug|Any CPU
		{7A0BD212-E3D4-4419-B947-82B78E07ADAC}.DebugTest|Any CPU.Build.0 = Debug|Any CPU
		{7A0BD212-E3D4-4419-B947-82B78E07ADAC}.Release|Any CPU.ActiveCfg = Release|Any CPU
		{7A0BD212-E3D4-4419-B947-82B78E07ADAC}.Release|Any CPU.Build.0 = Release|Any CPU
		{002F7BAC-8937-409C-BED2-6A41D6D392FC}.Debug|Any CPU.ActiveCfg = Debug|Any CPU
		{002F7BAC-8937-409C-BED2-6A41D6D392FC}.Debug|Any CPU.Build.0 = Debug|Any CPU
		{002F7BAC-8937-409C-BED2-6A41D6D392FC}.DebugTest|Any CPU.ActiveCfg = Debug|Any CPU
		{002F7BAC-8937-409C-BED2-6A41D6D392FC}.DebugTest|Any CPU.Build.0 = Debug|Any CPU
		{002F7BAC-8937-409C-BED2-6A41D6D392FC}.Release|Any CPU.ActiveCfg = Release|Any CPU
		{002F7BAC-8937-409C-BED2-6A41D6D392FC}.Release|Any CPU.Build.0 = Release|Any CPU
		{211753FC-8C4D-4F05-AB4B-130FABECF30E}.Debug|Any CPU.ActiveCfg = Debug|Any CPU
		{211753FC-8C4D-4F05-AB4B-130FABECF30E}.Debug|Any CPU.Build.0 = Debug|Any CPU
		{211753FC-8C4D-4F05-AB4B-130FABECF30E}.DebugTest|Any CPU.ActiveCfg = Debug|Any CPU
		{211753FC-8C4D-4F05-AB4B-130FABECF30E}.DebugTest|Any CPU.Build.0 = Debug|Any CPU
		{211753FC-8C4D-4F05-AB4B-130FABECF30E}.Release|Any CPU.ActiveCfg = Release|Any CPU
		{211753FC-8C4D-4F05-AB4B-130FABECF30E}.Release|Any CPU.Build.0 = Release|Any CPU
		{788D7499-BC1E-40F7-9FAA-E05ACC86E227}.Debug|Any CPU.ActiveCfg = Debug|Any CPU
		{788D7499-BC1E-40F7-9FAA-E05ACC86E227}.Debug|Any CPU.Build.0 = Debug|Any CPU
		{788D7499-BC1E-40F7-9FAA-E05ACC86E227}.DebugTest|Any CPU.ActiveCfg = Debug|Any CPU
		{788D7499-BC1E-40F7-9FAA-E05ACC86E227}.DebugTest|Any CPU.Build.0 = Debug|Any CPU
		{788D7499-BC1E-40F7-9FAA-E05ACC86E227}.Release|Any CPU.ActiveCfg = Release|Any CPU
		{788D7499-BC1E-40F7-9FAA-E05ACC86E227}.Release|Any CPU.Build.0 = Release|Any CPU
		{83B37A5C-2FEC-4488-AC57-0CDCE58DB9DF}.Debug|Any CPU.ActiveCfg = Debug|Any CPU
		{83B37A5C-2FEC-4488-AC57-0CDCE58DB9DF}.Debug|Any CPU.Build.0 = Debug|Any CPU
		{83B37A5C-2FEC-4488-AC57-0CDCE58DB9DF}.DebugTest|Any CPU.ActiveCfg = Debug|Any CPU
		{83B37A5C-2FEC-4488-AC57-0CDCE58DB9DF}.DebugTest|Any CPU.Build.0 = Debug|Any CPU
		{83B37A5C-2FEC-4488-AC57-0CDCE58DB9DF}.Release|Any CPU.ActiveCfg = Release|Any CPU
		{83B37A5C-2FEC-4488-AC57-0CDCE58DB9DF}.Release|Any CPU.Build.0 = Release|Any CPU
		{E9C45505-E874-45A0-A3D3-A7693423BED4}.Debug|Any CPU.ActiveCfg = Debug|Any CPU
		{E9C45505-E874-45A0-A3D3-A7693423BED4}.Debug|Any CPU.Build.0 = Debug|Any CPU
		{E9C45505-E874-45A0-A3D3-A7693423BED4}.DebugTest|Any CPU.ActiveCfg = Debug|Any CPU
		{E9C45505-E874-45A0-A3D3-A7693423BED4}.DebugTest|Any CPU.Build.0 = Debug|Any CPU
		{E9C45505-E874-45A0-A3D3-A7693423BED4}.Release|Any CPU.ActiveCfg = Release|Any CPU
		{E9C45505-E874-45A0-A3D3-A7693423BED4}.Release|Any CPU.Build.0 = Release|Any CPU
		{EEAF63A0-C59F-468B-AA1B-58865E84E44E}.Debug|Any CPU.ActiveCfg = Debug|Any CPU
		{EEAF63A0-C59F-468B-AA1B-58865E84E44E}.Debug|Any CPU.Build.0 = Debug|Any CPU
		{EEAF63A0-C59F-468B-AA1B-58865E84E44E}.DebugTest|Any CPU.ActiveCfg = Debug|Any CPU
		{EEAF63A0-C59F-468B-AA1B-58865E84E44E}.DebugTest|Any CPU.Build.0 = Debug|Any CPU
		{EEAF63A0-C59F-468B-AA1B-58865E84E44E}.Release|Any CPU.ActiveCfg = Release|Any CPU
		{EEAF63A0-C59F-468B-AA1B-58865E84E44E}.Release|Any CPU.Build.0 = Release|Any CPU
	EndGlobalSection
	GlobalSection(SolutionProperties) = preSolution
		HideSolutionNode = FALSE
	EndGlobalSection
	GlobalSection(NestedProjects) = preSolution
		{E0EBA1FB-4B08-4546-BDD5-093C533713FE} = {8AF928D9-39F9-4787-8806-A24BE9DA252F}
		{871161A9-567D-476E-9D3E-AA44400FB63A} = {E0EBA1FB-4B08-4546-BDD5-093C533713FE}
		{A02BB4D5-5EA9-4A90-8D0A-C1AF3D919C30} = {E0EBA1FB-4B08-4546-BDD5-093C533713FE}
		{A70A13EF-958C-4078-BA5A-A208D90743A4} = {8AF928D9-39F9-4787-8806-A24BE9DA252F}
		{7A0BD212-E3D4-4419-B947-82B78E07ADAC} = {8AF928D9-39F9-4787-8806-A24BE9DA252F}
		{211753FC-8C4D-4F05-AB4B-130FABECF30E} = {2308E25C-68C9-4F24-A3BC-3678253E77A0}
		{83B37A5C-2FEC-4488-AC57-0CDCE58DB9DF} = {E0EBA1FB-4B08-4546-BDD5-093C533713FE}
		{EEAF63A0-C59F-468B-AA1B-58865E84E44E} = {09D88CCF-0FE8-4B1D-AA9A-AD9350F1B707}
	EndGlobalSection
	GlobalSection(ExtensibilityGlobals) = postSolution
		SolutionGuid = {A7BE2D74-A2C5-46DF-B175-814908FA7DAD}
	EndGlobalSection
EndGlobal
