
Microsoft Visual Studio Solution File, Format Version 12.00
# Visual Studio Version 16
VisualStudioVersion = 16.0.29609.76
MinimumVisualStudioVersion = 10.0.40219.1
Project("{9A19103F-16F7-4668-BE54-9A1E7A4F7556}") = "ConsoleApp1", "ConsoleApp1\ConsoleApp1.csproj", "{CE418274-9B0C-434B-80C5-0C716638946B}"
EndProject
Project("{FAE04EC0-301F-11D3-BF4B-00C04F79EFBC}") = "UnitTestProject1", "UnitTestProject1\UnitTestProject1.csproj", "{CDA178A7-5CA8-4E03-A108-6ECD6230B87C}"
EndProject
Global
	GlobalSection(SolutionConfigurationPlatforms) = preSolution
		Debug|Any CPU = Debug|Any CPU
		Release|Any CPU = Release|Any CPU
	EndGlobalSection
	GlobalSection(ProjectConfigurationPlatforms) = postSolution
		{CE418274-9B0C-434B-80C5-0C716638946B}.Debug|Any CPU.ActiveCfg = Debug|Any CPU
		{CE418274-9B0C-434B-80C5-0C716638946B}.Debug|Any CPU.Build.0 = Debug|Any CPU
		{CE418274-9B0C-434B-80C5-0C716638946B}.Release|Any CPU.ActiveCfg = Release|Any CPU
		{CE418274-9B0C-434B-80C5-0C716638946B}.Release|Any CPU.Build.0 = Release|Any CPU
		{CDA178A7-5CA8-4E03-A108-6ECD6230B87C}.Debug|Any CPU.ActiveCfg = Debug|Any CPU
		{CDA178A7-5CA8-4E03-A108-6ECD6230B87C}.Debug|Any CPU.Build.0 = Debug|Any CPU
		{CDA178A7-5CA8-4E03-A108-6ECD6230B87C}.Release|Any CPU.ActiveCfg = Release|Any CPU
		{CDA178A7-5CA8-4E03-A108-6ECD6230B87C}.Release|Any CPU.Build.0 = Release|Any CPU
	EndGlobalSection
	GlobalSection(SolutionProperties) = preSolution
		HideSolutionNode = FALSE
	EndGlobalSection
	GlobalSection(ExtensibilityGlobals) = postSolution
		SolutionGuid = {60D47BB8-DAF0-40C1-BF0D-0B8FEEF035D4}
	EndGlobalSection
EndGlobal
