
Microsoft Visual Studio Solution File, Format Version 12.00
# Visual Studio Version 17
VisualStudioVersion = 17.4.33403.182
MinimumVisualStudioVersion = 10.0.40219.1
Project("{FAE04EC0-301F-11D3-BF4B-00C04F79EFBC}") = "AQuickStartSampleBlazorWebAssmbly", "AQuickStartSampleBlazorWebAssmbly\AQuickStartSampleBlazorWebAssmbly.csproj", "{A9D6E0D3-AB01-4B5B-BE8C-46DE0A1B07CE}"
EndProject
Global
	GlobalSection(SolutionConfigurationPlatforms) = preSolution
		Debug|Any CPU = Debug|Any CPU
		Release|Any CPU = Release|Any CPU
	EndGlobalSection
	GlobalSection(ProjectConfigurationPlatforms) = postSolution
		{A9D6E0D3-AB01-4B5B-BE8C-46DE0A1B07CE}.Debug|Any CPU.ActiveCfg = Debug|Any CPU
		{A9D6E0D3-AB01-4B5B-BE8C-46DE0A1B07CE}.Debug|Any CPU.Build.0 = Debug|Any CPU
		{A9D6E0D3-AB01-4B5B-BE8C-46DE0A1B07CE}.Release|Any CPU.ActiveCfg = Release|Any CPU
		{A9D6E0D3-AB01-4B5B-BE8C-46DE0A1B07CE}.Release|Any CPU.Build.0 = Release|Any CPU
	EndGlobalSection
	GlobalSection(SolutionProperties) = preSolution
		HideSolutionNode = FALSE
	EndGlobalSection
	GlobalSection(ExtensibilityGlobals) = postSolution
		SolutionGuid = {A5AB663B-BC66-4A2C-90C0-401B9E7D103A}
	EndGlobalSection
EndGlobal
