
Microsoft Visual Studio Solution File, Format Version 12.00
# Visual Studio Version 17
VisualStudioVersion = 17.4.33403.182
MinimumVisualStudioVersion = 10.0.40219.1
Project("{9A19103F-16F7-4668-BE54-9A1E7A4F7556}") = "DbRepository", "DbRepository\DbRepository.csproj", "{481B87BB-61BE-4EA0-A09A-9BDD42E9ED32}"
EndProject
Project("{9A19103F-16F7-4668-BE54-9A1E7A4F7556}") = "Server", "Server\Server.csproj", "{D3A63269-82D6-42F6-A483-0DEFF940598E}"
EndProject
Project("{9A19103F-16F7-4668-BE54-9A1E7A4F7556}") = "Client", "Client\Client.csproj", "{E1D3CA44-9161-4307-B29E-1F7947BA6A48}"
EndProject
Project("{FAE04EC0-301F-11D3-BF4B-00C04F79EFBC}") = "RazorClassLibrary", "RazorClassLibrary\RazorClassLibrary.csproj", "{ED9D1686-CC11-4AA1-A6BE-E1F222ED513C}"
EndProject
Global
	GlobalSection(SolutionConfigurationPlatforms) = preSolution
		Debug|Any CPU = Debug|Any CPU
		Release|Any CPU = Release|Any CPU
	EndGlobalSection
	GlobalSection(ProjectConfigurationPlatforms) = postSolution
		{481B87BB-61BE-4EA0-A09A-9BDD42E9ED32}.Debug|Any CPU.ActiveCfg = Debug|Any CPU
		{481B87BB-61BE-4EA0-A09A-9BDD42E9ED32}.Debug|Any CPU.Build.0 = Debug|Any CPU
		{481B87BB-61BE-4EA0-A09A-9BDD42E9ED32}.Release|Any CPU.ActiveCfg = Release|Any CPU
		{481B87BB-61BE-4EA0-A09A-9BDD42E9ED32}.Release|Any CPU.Build.0 = Release|Any CPU
		{D3A63269-82D6-42F6-A483-0DEFF940598E}.Debug|Any CPU.ActiveCfg = Debug|Any CPU
		{D3A63269-82D6-42F6-A483-0DEFF940598E}.Debug|Any CPU.Build.0 = Debug|Any CPU
		{D3A63269-82D6-42F6-A483-0DEFF940598E}.Release|Any CPU.ActiveCfg = Release|Any CPU
		{D3A63269-82D6-42F6-A483-0DEFF940598E}.Release|Any CPU.Build.0 = Release|Any CPU
		{E1D3CA44-9161-4307-B29E-1F7947BA6A48}.Debug|Any CPU.ActiveCfg = Debug|Any CPU
		{E1D3CA44-9161-4307-B29E-1F7947BA6A48}.Debug|Any CPU.Build.0 = Debug|Any CPU
		{E1D3CA44-9161-4307-B29E-1F7947BA6A48}.Release|Any CPU.ActiveCfg = Release|Any CPU
		{E1D3CA44-9161-4307-B29E-1F7947BA6A48}.Release|Any CPU.Build.0 = Release|Any CPU
		{ED9D1686-CC11-4AA1-A6BE-E1F222ED513C}.Debug|Any CPU.ActiveCfg = Debug|Any CPU
		{ED9D1686-CC11-4AA1-A6BE-E1F222ED513C}.Debug|Any CPU.Build.0 = Debug|Any CPU
		{ED9D1686-CC11-4AA1-A6BE-E1F222ED513C}.Release|Any CPU.ActiveCfg = Release|Any CPU
		{ED9D1686-CC11-4AA1-A6BE-E1F222ED513C}.Release|Any CPU.Build.0 = Release|Any CPU
	EndGlobalSection
	GlobalSection(SolutionProperties) = preSolution
		HideSolutionNode = FALSE
	EndGlobalSection
	GlobalSection(ExtensibilityGlobals) = postSolution
		SolutionGuid = {A5AB663B-BC66-4A2C-90C0-401B9E7D103A}
	EndGlobalSection
EndGlobal
